
Microsoft Visual Studio Solution File, Format Version 12.00
Project("{FAE04EC0-301F-11D3-BF4B-00C04F79EFBC}") = "TestOnellect", "TestOnellect\TestOnellect.csproj", "{FECDBD29-030F-40B4-8C04-92E85C92B5EA}"
EndProject
Global
	GlobalSection(SolutionConfigurationPlatforms) = preSolution
		Debug|Any CPU = Debug|Any CPU
		Release|Any CPU = Release|Any CPU
	EndGlobalSection
	GlobalSection(ProjectConfigurationPlatforms) = postSolution
		{FECDBD29-030F-40B4-8C04-92E85C92B5EA}.Debug|Any CPU.ActiveCfg = Debug|Any CPU
		{FECDBD29-030F-40B4-8C04-92E85C92B5EA}.Debug|Any CPU.Build.0 = Debug|Any CPU
		{FECDBD29-030F-40B4-8C04-92E85C92B5EA}.Release|Any CPU.ActiveCfg = Release|Any CPU
		{FECDBD29-030F-40B4-8C04-92E85C92B5EA}.Release|Any CPU.Build.0 = Release|Any CPU
	EndGlobalSection
EndGlobal
